// !$*UTF8*$!
{
	archiveVersion = 1;
	classes = {
	};
	objectVersion = 50;
	objects = {

/* Begin PBXBuildFile section */
		27AEF60524741A0100A13A2D /* AppDelegate.swift in Sources */ = {isa = PBXBuildFile; fileRef = 27AEF60424741A0100A13A2D /* AppDelegate.swift */; };
		27AEF60724741A0100A13A2D /* SceneDelegate.swift in Sources */ = {isa = PBXBuildFile; fileRef = 27AEF60624741A0100A13A2D /* SceneDelegate.swift */; };
		27AEF60924741A0100A13A2D /* ViewController.swift in Sources */ = {isa = PBXBuildFile; fileRef = 27AEF60824741A0100A13A2D /* ViewController.swift */; };
		27AEF60C24741A0100A13A2D /* Main.storyboard in Resources */ = {isa = PBXBuildFile; fileRef = 27AEF60A24741A0100A13A2D /* Main.storyboard */; };
		27AEF60E24741A0300A13A2D /* Assets.xcassets in Resources */ = {isa = PBXBuildFile; fileRef = 27AEF60D24741A0300A13A2D /* Assets.xcassets */; };
		27AEF61124741A0300A13A2D /* LaunchScreen.storyboard in Resources */ = {isa = PBXBuildFile; fileRef = 27AEF60F24741A0300A13A2D /* LaunchScreen.storyboard */; };
		27AEF61B24741BF900A13A2D /* HealthKit.framework in Frameworks */ = {isa = PBXBuildFile; fileRef = 27AEF61A24741BF900A13A2D /* HealthKit.framework */; };
/* End PBXBuildFile section */

/* Begin PBXFileReference section */
		27AEF60124741A0100A13A2D /* HK.app */ = {isa = PBXFileReference; explicitFileType = wrapper.application; includeInIndex = 0; path = HK.app; sourceTree = BUILT_PRODUCTS_DIR; };
		27AEF60424741A0100A13A2D /* AppDelegate.swift */ = {isa = PBXFileReference; lastKnownFileType = sourcecode.swift; path = AppDelegate.swift; sourceTree = "<group>"; };
		27AEF60624741A0100A13A2D /* SceneDelegate.swift */ = {isa = PBXFileReference; lastKnownFileType = sourcecode.swift; path = SceneDelegate.swift; sourceTree = "<group>"; };
		27AEF60824741A0100A13A2D /* ViewController.swift */ = {isa = PBXFileReference; lastKnownFileType = sourcecode.swift; path = ViewController.swift; sourceTree = "<group>"; };
		27AEF60B24741A0100A13A2D /* Base */ = {isa = PBXFileReference; lastKnownFileType = file.storyboard; name = Base; path = Base.lproj/Main.storyboard; sourceTree = "<group>"; };
		27AEF60D24741A0300A13A2D /* Assets.xcassets */ = {isa = PBXFileReference; lastKnownFileType = folder.assetcatalog; path = Assets.xcassets; sourceTree = "<group>"; };
		27AEF61024741A0300A13A2D /* Base */ = {isa = PBXFileReference; lastKnownFileType = file.storyboard; name = Base; path = Base.lproj/LaunchScreen.storyboard; sourceTree = "<group>"; };
		27AEF61224741A0300A13A2D /* Info.plist */ = {isa = PBXFileReference; lastKnownFileType = text.plist.xml; path = Info.plist; sourceTree = "<group>"; };
		27AEF61824741BF900A13A2D /* HK.entitlements */ = {isa = PBXFileReference; lastKnownFileType = text.plist.entitlements; path = HK.entitlements; sourceTree = "<group>"; };
		27AEF61A24741BF900A13A2D /* HealthKit.framework */ = {isa = PBXFileReference; lastKnownFileType = wrapper.framework; name = HealthKit.framework; path = System/Library/Frameworks/HealthKit.framework; sourceTree = SDKROOT; };
/* End PBXFileReference section */

/* Begin PBXFrameworksBuildPhase section */
		27AEF5FE24741A0100A13A2D /* Frameworks */ = {
			isa = PBXFrameworksBuildPhase;
			buildActionMask = 2147483647;
			files = (
				27AEF61B24741BF900A13A2D /* HealthKit.framework in Frameworks */,
			);
			runOnlyForDeploymentPostprocessing = 0;
		};
/* End PBXFrameworksBuildPhase section */

/* Begin PBXGroup section */
		27AEF5F824741A0100A13A2D = {
			isa = PBXGroup;
			children = (
				27AEF60324741A0100A13A2D /* HK */,
				27AEF60224741A0100A13A2D /* Products */,
				27AEF61924741BF900A13A2D /* Frameworks */,
			);
			sourceTree = "<group>";
		};
		27AEF60224741A0100A13A2D /* Products */ = {
			isa = PBXGroup;
			children = (
				27AEF60124741A0100A13A2D /* HK.app */,
			);
			name = Products;
			sourceTree = "<group>";
		};
		27AEF60324741A0100A13A2D /* HK */ = {
			isa = PBXGroup;
			children = (
				27AEF61824741BF900A13A2D /* HK.entitlements */,
				27AEF60424741A0100A13A2D /* AppDelegate.swift */,
				27AEF60624741A0100A13A2D /* SceneDelegate.swift */,
				27AEF60824741A0100A13A2D /* ViewController.swift */,
				27AEF60A24741A0100A13A2D /* Main.storyboard */,
				27AEF60D24741A0300A13A2D /* Assets.xcassets */,
				27AEF60F24741A0300A13A2D /* LaunchScreen.storyboard */,
				27AEF61224741A0300A13A2D /* Info.plist */,
			);
			path = HK;
			sourceTree = "<group>";
		};
		27AEF61924741BF900A13A2D /* Frameworks */ = {
			isa = PBXGroup;
			children = (
				27AEF61A24741BF900A13A2D /* HealthKit.framework */,
			);
			name = Frameworks;
			sourceTree = "<group>";
		};
/* End PBXGroup section */

/* Begin PBXNativeTarget section */
		27AEF60024741A0100A13A2D /* HK */ = {
			isa = PBXNativeTarget;
			buildConfigurationList = 27AEF61524741A0300A13A2D /* Build configuration list for PBXNativeTarget "HK" */;
			buildPhases = (
				27AEF5FD24741A0100A13A2D /* Sources */,
				27AEF5FE24741A0100A13A2D /* Frameworks */,
				27AEF5FF24741A0100A13A2D /* Resources */,
			);
			buildRules = (
			);
			dependencies = (
			);
			name = HK;
			productName = HK;
			productReference = 27AEF60124741A0100A13A2D /* HK.app */;
			productType = "com.apple.product-type.application";
		};
/* End PBXNativeTarget section */

/* Begin PBXProject section */
		27AEF5F924741A0100A13A2D /* Project object */ = {
			isa = PBXProject;
			attributes = {
				LastSwiftUpdateCheck = 1140;
				LastUpgradeCheck = 1140;
				ORGANIZATIONNAME = Mike;
				TargetAttributes = {
					27AEF60024741A0100A13A2D = {
						CreatedOnToolsVersion = 11.4.1;
					};
				};
			};
			buildConfigurationList = 27AEF5FC24741A0100A13A2D /* Build configuration list for PBXProject "HK" */;
			compatibilityVersion = "Xcode 9.3";
			developmentRegion = en;
			hasScannedForEncodings = 0;
			knownRegions = (
				en,
				Base,
			);
			mainGroup = 27AEF5F824741A0100A13A2D;
			productRefGroup = 27AEF60224741A0100A13A2D /* Products */;
			projectDirPath = "";
			projectRoot = "";
			targets = (
				27AEF60024741A0100A13A2D /* HK */,
			);
		};
/* End PBXProject section */

/* Begin PBXResourcesBuildPhase section */
		27AEF5FF24741A0100A13A2D /* Resources */ = {
			isa = PBXResourcesBuildPhase;
			buildActionMask = 2147483647;
			files = (
				27AEF61124741A0300A13A2D /* LaunchScreen.storyboard in Resources */,
				27AEF60E24741A0300A13A2D /* Assets.xcassets in Resources */,
				27AEF60C24741A0100A13A2D /* Main.storyboard in Resources */,
			);
			runOnlyForDeploymentPostprocessing = 0;
		};
/* End PBXResourcesBuildPhase section */

/* Begin PBXSourcesBuildPhase section */
		27AEF5FD24741A0100A13A2D /* Sources */ = {
			isa = PBXSourcesBuildPhase;
			buildActionMask = 2147483647;
			files = (
				27AEF60924741A0100A13A2D /* ViewController.swift in Sources */,
				27AEF60524741A0100A13A2D /* AppDelegate.swift in Sources */,
				27AEF60724741A0100A13A2D /* SceneDelegate.swift in Sources */,
			);
			runOnlyForDeploymentPostprocessing = 0;
		};
/* End PBXSourcesBuildPhase section */

/* Begin PBXVariantGroup section */
		27AEF60A24741A0100A13A2D /* Main.storyboard */ = {
			isa = PBXVariantGroup;
			children = (
				27AEF60B24741A0100A13A2D /* Base */,
			);
			name = Main.storyboard;
			sourceTree = "<group>";
		};
		27AEF60F24741A0300A13A2D /* LaunchScreen.storyboard */ = {
			isa = PBXVariantGroup;
			children = (
				27AEF61024741A0300A13A2D /* Base */,
			);
			name = LaunchScreen.storyboard;
			sourceTree = "<group>";
		};
/* End PBXVariantGroup section */

/* Begin XCBuildConfiguration section */
		27AEF61324741A0300A13A2D /* Debug */ = {
			isa = XCBuildConfiguration;
			buildSettings = {
				ALWAYS_SEARCH_USER_PATHS = NO;
				CLANG_ANALYZER_NONNULL = YES;
				CLANG_ANALYZER_NUMBER_OBJECT_CONVERSION = YES_AGGRESSIVE;
				CLANG_CXX_LANGUAGE_STANDARD = "gnu++14";
				CLANG_CXX_LIBRARY = "libc++";
				CLANG_ENABLE_MODULES = YES;
				CLANG_ENABLE_OBJC_ARC = YES;
				CLANG_ENABLE_OBJC_WEAK = YES;
				CLANG_WARN_BLOCK_CAPTURE_AUTORELEASING = YES;
				CLANG_WARN_BOOL_CONVERSION = YES;
				CLANG_WARN_COMMA = YES;
				CLANG_WARN_CONSTANT_CONVERSION = YES;
				CLANG_WARN_DEPRECATED_OBJC_IMPLEMENTATIONS = YES;
				CLANG_WARN_DIRECT_OBJC_ISA_USAGE = YES_ERROR;
				CLANG_WARN_DOCUMENTATION_COMMENTS = YES;
				CLANG_WARN_EMPTY_BODY = YES;
				CLANG_WARN_ENUM_CONVERSION = YES;
				CLANG_WARN_INFINITE_RECURSION = YES;
				CLANG_WARN_INT_CONVERSION = YES;
				CLANG_WARN_NON_LITERAL_NULL_CONVERSION = YES;
				CLANG_WARN_OBJC_IMPLICIT_RETAIN_SELF = YES;
				CLANG_WARN_OBJC_LITERAL_CONVERSION = YES;
				CLANG_WARN_OBJC_ROOT_CLASS = YES_ERROR;
				CLANG_WARN_RANGE_LOOP_ANALYSIS = YES;
				CLANG_WARN_STRICT_PROTOTYPES = YES;
				CLANG_WARN_SUSPICIOUS_MOVE = YES;
				CLANG_WARN_UNGUARDED_AVAILABILITY = YES_AGGRESSIVE;
				CLANG_WARN_UNREACHABLE_CODE = YES;
				CLANG_WARN__DUPLICATE_METHOD_MATCH = YES;
				COPY_PHASE_STRIP = NO;
				DEBUG_INFORMATION_FORMAT = dwarf;
				ENABLE_STRICT_OBJC_MSGSEND = YES;
				ENABLE_TESTABILITY = YES;
				GCC_C_LANGUAGE_STANDARD = gnu11;
				GCC_DYNAMIC_NO_PIC = NO;
				GCC_NO_COMMON_BLOCKS = YES;
				GCC_OPTIMIZATION_LEVEL = 0;
				GCC_PREPROCESSOR_DEFINITIONS = (
					"DEBUG=1",
					"$(inherited)",
				);
				GCC_WARN_64_TO_32_BIT_CONVERSION = YES;
				GCC_WARN_ABOUT_RETURN_TYPE = YES_ERROR;
				GCC_WARN_UNDECLARED_SELECTOR = YES;
				GCC_WARN_UNINITIALIZED_AUTOS = YES_AGGRESSIVE;
				GCC_WARN_UNUSED_FUNCTION = YES;
				GCC_WARN_UNUSED_VARIABLE = YES;
				IPHONEOS_DEPLOYMENT_TARGET = 13.4;
				MTL_ENABLE_DEBUG_INFO = INCLUDE_SOURCE;
				MTL_FAST_MATH = YES;
				ONLY_ACTIVE_ARCH = YES;
				SDKROOT = iphoneos;
				SWIFT_ACTIVE_COMPILATION_CONDITIONS = DEBUG;
				SWIFT_OPTIMIZATION_LEVEL = "-Onone";
			};
			name = Debug;
		};
		27AEF61424741A0300A13A2D /* Release */ = {
			isa = XCBuildConfiguration;
			buildSettings = {
				ALWAYS_SEARCH_USER_PATHS = NO;
				CLANG_ANALYZER_NONNULL = YES;
				CLANG_ANALYZER_NUMBER_OBJECT_CONVERSION = YES_AGGRESSIVE;
				CLANG_CXX_LANGUAGE_STANDARD = "gnu++14";
				CLANG_CXX_LIBRARY = "libc++";
				CLANG_ENABLE_MODULES = YES;
				CLANG_ENABLE_OBJC_ARC = YES;
				CLANG_ENABLE_OBJC_WEAK = YES;
				CLANG_WARN_BLOCK_CAPTURE_AUTORELEASING = YES;
				CLANG_WARN_BOOL_CONVERSION = YES;
				CLANG_WARN_COMMA = YES;
				CLANG_WARN_CONSTANT_CONVERSION = YES;
				CLANG_WARN_DEPRECATED_OBJC_IMPLEMENTATIONS = YES;
				CLANG_WARN_DIRECT_OBJC_ISA_USAGE = YES_ERROR;
				CLANG_WARN_DOCUMENTATION_COMMENTS = YES;
				CLANG_WARN_EMPTY_BODY = YES;
				CLANG_WARN_ENUM_CONVERSION = YES;
				CLANG_WARN_INFINITE_RECURSION = YES;
				CLANG_WARN_INT_CONVERSION = YES;
				CLANG_WARN_NON_LITERAL_NULL_CONVERSION = YES;
				CLANG_WARN_OBJC_IMPLICIT_RETAIN_SELF = YES;
				CLANG_WARN_OBJC_LITERAL_CONVERSION = YES;
				CLANG_WARN_OBJC_ROOT_CLASS = YES_ERROR;
				CLANG_WARN_RANGE_LOOP_ANALYSIS = YES;
				CLANG_WARN_STRICT_PROTOTYPES = YES;
				CLANG_WARN_SUSPICIOUS_MOVE = YES;
				CLANG_WARN_UNGUARDED_AVAILABILITY = YES_AGGRESSIVE;
				CLANG_WARN_UNREACHABLE_CODE = YES;
				CLANG_WARN__DUPLICATE_METHOD_MATCH = YES;
				COPY_PHASE_STRIP = NO;
				DEBUG_INFORMATION_FORMAT = "dwarf-with-dsym";
				ENABLE_NS_ASSERTIONS = NO;
				ENABLE_STRICT_OBJC_MSGSEND = YES;
				GCC_C_LANGUAGE_STANDARD = gnu11;
				GCC_NO_COMMON_BLOCKS = YES;
				GCC_WARN_64_TO_32_BIT_CONVERSION = YES;
				GCC_WARN_ABOUT_RETURN_TYPE = YES_ERROR;
				GCC_WARN_UNDECLARED_SELECTOR = YES;
				GCC_WARN_UNINITIALIZED_AUTOS = YES_AGGRESSIVE;
				GCC_WARN_UNUSED_FUNCTION = YES;
				GCC_WARN_UNUSED_VARIABLE = YES;
				IPHONEOS_DEPLOYMENT_TARGET = 13.4;
				MTL_ENABLE_DEBUG_INFO = NO;
				MTL_FAST_MATH = YES;
				SDKROOT = iphoneos;
				SWIFT_COMPILATION_MODE = wholemodule;
				SWIFT_OPTIMIZATION_LEVEL = "-O";
				VALIDATE_PRODUCT = YES;
			};
			name = Release;
		};
		27AEF61624741A0300A13A2D /* Debug */ = {
			isa = XCBuildConfiguration;
			buildSettings = {
				ASSETCATALOG_COMPILER_APPICON_NAME = AppIcon;
				CODE_SIGN_ENTITLEMENTS = HK/HK.entitlements;
				CODE_SIGN_STYLE = Automatic;
				DEVELOPMENT_TEAM = QQ482S29QV;
				INFOPLIST_FILE = HK/Info.plist;
				LD_RUNPATH_SEARCH_PATHS = (
					"$(inherited)",
					"@executable_path/Frameworks",
				);
				PRODUCT_BUNDLE_IDENTIFIER = com.excelsor.commerzbank12;
				PRODUCT_NAME = "$(TARGET_NAME)";
				SWIFT_VERSION = 5.0;
				TARGETED_DEVICE_FAMILY = "1,2";
			};
			name = Debug;
		};
		27AEF61724741A0300A13A2D /* Release */ = {
			isa = XCBuildConfiguration;
			buildSettings = {
				ASSETCATALOG_COMPILER_APPICON_NAME = AppIcon;
				CODE_SIGN_ENTITLEMENTS = HK/HK.entitlements;
				CODE_SIGN_STYLE = Automatic;
				DEVELOPMENT_TEAM = QQ482S29QV;
				INFOPLIST_FILE = HK/Info.plist;
				LD_RUNPATH_SEARCH_PATHS = (
					"$(inherited)",
					"@executable_path/Frameworks",
				);
				PRODUCT_BUNDLE_IDENTIFIER = com.excelsor.commerzbank12;
				PRODUCT_NAME = "$(TARGET_NAME)";
				SWIFT_VERSION = 5.0;
				TARGETED_DEVICE_FAMILY = "1,2";
			};
			name = Release;
		};
/* End XCBuildConfiguration section */

/* Begin XCConfigurationList section */
		27AEF5FC24741A0100A13A2D /* Build configuration list for PBXProject "HK" */ = {
			isa = XCConfigurationList;
			buildConfigurations = (
				27AEF61324741A0300A13A2D /* Debug */,
				27AEF61424741A0300A13A2D /* Release */,
			);
			defaultConfigurationIsVisible = 0;
			defaultConfigurationName = Release;
		};
		27AEF61524741A0300A13A2D /* Build configuration list for PBXNativeTarget "HK" */ = {
			isa = XCConfigurationList;
			buildConfigurations = (
				27AEF61624741A0300A13A2D /* Debug */,
				27AEF61724741A0300A13A2D /* Release */,
			);
			defaultConfigurationIsVisible = 0;
			defaultConfigurationName = Release;
		};
/* End XCConfigurationList section */
	};
	rootObject = 27AEF5F924741A0100A13A2D /* Project object */;
}
